
Microsoft Visual Studio Solution File, Format Version 12.00
# Visual Studio Version 17
VisualStudioVersion = 17.9.34714.143
MinimumVisualStudioVersion = 10.0.40219.1
Project("{FAE04EC0-301F-11D3-BF4B-00C04F79EFBC}") = "Laba2_oop", "Laba2_oop\Laba2_oop.csproj", "{82668A02-1435-4202-B0F4-12D72853F72A}"
EndProject
Project("{FAE04EC0-301F-11D3-BF4B-00C04F79EFBC}") = "Client", "Client\Client.csproj", "{735C774A-EE98-4FA7-A873-B4890AFBC417}"
EndProject
Project("{FAE04EC0-301F-11D3-BF4B-00C04F79EFBC}") = "AsincClient", "AsincClient\AsincClient.csproj", "{831B0ED1-60A0-4552-BE04-B3B8C01AE143}"
EndProject
Global
	GlobalSection(SolutionConfigurationPlatforms) = preSolution
		Debug|Any CPU = Debug|Any CPU
		Release|Any CPU = Release|Any CPU
	EndGlobalSection
	GlobalSection(ProjectConfigurationPlatforms) = postSolution
		{82668A02-1435-4202-B0F4-12D72853F72A}.Debug|Any CPU.ActiveCfg = Debug|Any CPU
		{82668A02-1435-4202-B0F4-12D72853F72A}.Debug|Any CPU.Build.0 = Debug|Any CPU
		{82668A02-1435-4202-B0F4-12D72853F72A}.Release|Any CPU.ActiveCfg = Release|Any CPU
		{82668A02-1435-4202-B0F4-12D72853F72A}.Release|Any CPU.Build.0 = Release|Any CPU
		{735C774A-EE98-4FA7-A873-B4890AFBC417}.Debug|Any CPU.ActiveCfg = Debug|Any CPU
		{735C774A-EE98-4FA7-A873-B4890AFBC417}.Debug|Any CPU.Build.0 = Debug|Any CPU
		{735C774A-EE98-4FA7-A873-B4890AFBC417}.Release|Any CPU.ActiveCfg = Release|Any CPU
		{735C774A-EE98-4FA7-A873-B4890AFBC417}.Release|Any CPU.Build.0 = Release|Any CPU
		{831B0ED1-60A0-4552-BE04-B3B8C01AE143}.Debug|Any CPU.ActiveCfg = Debug|Any CPU
		{831B0ED1-60A0-4552-BE04-B3B8C01AE143}.Debug|Any CPU.Build.0 = Debug|Any CPU
		{831B0ED1-60A0-4552-BE04-B3B8C01AE143}.Release|Any CPU.ActiveCfg = Release|Any CPU
		{831B0ED1-60A0-4552-BE04-B3B8C01AE143}.Release|Any CPU.Build.0 = Release|Any CPU
	EndGlobalSection
	GlobalSection(SolutionProperties) = preSolution
		HideSolutionNode = FALSE
	EndGlobalSection
	GlobalSection(ExtensibilityGlobals) = postSolution
		SolutionGuid = {73D401F7-0295-4C2E-8D71-5F8B7B668CF8}
	EndGlobalSection
EndGlobal
